# This file is automatically @generated by Poetry 2.1.3 and should not be changed by hand.

[[package]]
name = "asgiref"
version = "3.9.1"
description = "ASGI specs, helper code, and adapters"
optional = false
python-versions = ">=3.9"
groups = ["main", "dev"]
files = [
    {file = "asgiref-3.9.1-py3-none-any.whl", hash = "sha256:f3bba7092a48005b5f5bacd747d36ee4a5a61f4a269a6df590b43144355ebd2c"},
    {file = "asgiref-3.9.1.tar.gz", hash = "sha256:a5ab6582236218e5ef1648f242fd9f10626cfd4de8dc377db215d5d5098e3142"},
]

[package.extras]
tests = ["mypy (>=1.14.0)", "pytest", "pytest-asyncio"]

[[package]]
name = "dj-database-url"
version = "3.0.1"
description = "Use Database URLs in your Django Application."
optional = false
python-versions = "*"
groups = ["main"]
files = [
    {file = "dj_database_url-3.0.1-py3-none-any.whl", hash = "sha256:43950018e1eeea486bf11136384aec0fe55b29fe6fd8a44553231b85661d9383"},
    {file = "dj_database_url-3.0.1.tar.gz", hash = "sha256:8994961efb888fc6bf8c41550870c91f6f7691ca751888ebaa71442b7f84eff8"},
]

[package.dependencies]
Django = ">=4.2"

[[package]]
name = "django"
version = "5.2.4"
description = "A high-level Python web framework that encourages rapid development and clean, pragmatic design."
optional = false
python-versions = ">=3.10"
groups = ["main", "dev"]
files = [
    {file = "django-5.2.4-py3-none-any.whl", hash = "sha256:60c35bd96201b10c6e7a78121bd0da51084733efa303cc19ead021ab179cef5e"},
    {file = "django-5.2.4.tar.gz", hash = "sha256:a1228c384f8fa13eebc015196db7b3e08722c5058d4758d20cb287503a540d8f"},
]

[package.dependencies]
asgiref = ">=3.8.1"
sqlparse = ">=0.3.1"
tzdata = {version = "*", markers = "sys_platform == \"win32\""}

[package.extras]
argon2 = ["argon2-cffi (>=19.1.0)"]
bcrypt = ["bcrypt"]

[[package]]
name = "django-browser-reload"
version = "1.18.0"
description = "Automatically reload your browser in development."
optional = false
python-versions = ">=3.9"
groups = ["dev"]
files = [
    {file = "django_browser_reload-1.18.0-py3-none-any.whl", hash = "sha256:ed4cc2fb83c3bf6c30b54107a1a6736c0b896e62e4eba666d81005b9f2ecf6f8"},
    {file = "django_browser_reload-1.18.0.tar.gz", hash = "sha256:c5f0b134723cbf2a0dc9ae1ee1d38e42db28fe23c74cdee613ba3ef286d04735"},
]

[package.dependencies]
asgiref = ">=3.6"
django = ">=4.2"

[[package]]
name = "django-debug-toolbar"
version = "6.0.0"
description = "A configurable set of panels that display various debug information about the current request/response."
optional = false
python-versions = ">=3.9"
groups = ["dev"]
files = [
    {file = "django_debug_toolbar-6.0.0-py3-none-any.whl", hash = "sha256:0cf2cac5c307b77d6e143c914e5c6592df53ffe34642d93929e5ef095ae56841"},
    {file = "django_debug_toolbar-6.0.0.tar.gz", hash = "sha256:6eb9fa6f4a5884bf04004700ffb5a44043f1fff38784447fc52c1633448c8c14"},
]

[package.dependencies]
django = ">=4.2.9"
sqlparse = ">=0.2"

[[package]]
name = "django-jalali-date"
version = "2.0.0"
description = "Jalali Date support for user interface. Easy conversion of DateTimeFiled to JalaliDateTimeField within the admin site, views, forms and templates."
optional = false
python-versions = ">=3"
groups = ["main"]
files = [
    {file = "django-jalali-date-2.0.0.tar.gz", hash = "sha256:7cc9e3462386b1c89cd05731ebc2857748db78f147c4b2b99427b519e05ab178"},
]

[package.dependencies]
django = "*"
jdatetime = "*"

[[package]]
name = "django-widget-tweaks"
version = "1.5.0"
description = "Tweak the form field rendering in templates, not in python-level form definitions."
optional = false
python-versions = ">=3.8"
groups = ["main"]
files = [
    {file = "django-widget-tweaks-1.5.0.tar.gz", hash = "sha256:1c2180681ebb994e922c754804c7ffebbe1245014777ac47897a81f57cc629c7"},
    {file = "django_widget_tweaks-1.5.0-py3-none-any.whl", hash = "sha256:a41b7b2f05bd44d673d11ebd6c09a96f1d013ee98121cb98c384fe84e33b881e"},
]

[[package]]
name = "jalali-core"
version = "1.0.0"
description = "a Gregorian to Jalali and inverse date convertor"
optional = false
python-versions = ">=3.8"
groups = ["main"]
files = [
    {file = "jalali_core-1.0.0-py3-none-any.whl", hash = "sha256:84e6f5090eadfb35234f24fad084be831d00da3c0b238ee001e8a1fd49bf7924"},
    {file = "jalali_core-1.0.0.tar.gz", hash = "sha256:f4287c70c630323dcf0a3ab26df905ba4d451e230ac1f65b3bb2f77797894a2b"},
]

[[package]]
name = "jdatetime"
version = "5.2.0"
description = "Jalali datetime binding for python"
optional = false
python-versions = ">=3.9"
groups = ["main"]
files = [
    {file = "jdatetime-5.2.0-py3-none-any.whl", hash = "sha256:d4aa73543e4e6c0e6122b58743773168edee5efe5c5acf05d1dc8c90524ca71c"},
    {file = "jdatetime-5.2.0.tar.gz", hash = "sha256:c81d5898717b82b609a3ce2a73f8b8d3230b0c757e5c0de9d6b1acfdc224f551"},
]

[package.dependencies]
jalali-core = ">=1.0"

[[package]]
name = "psycopg"
version = "3.2.9"
description = "PostgreSQL database adapter for Python"
optional = false
python-versions = ">=3.8"
groups = ["main"]
files = [
    {file = "psycopg-3.2.9-py3-none-any.whl", hash = "sha256:01a8dadccdaac2123c916208c96e06631641c0566b22005493f09663c7a8d3b6"},
    {file = "psycopg-3.2.9.tar.gz", hash = "sha256:2fbb46fcd17bc81f993f28c47f1ebea38d66ae97cc2dbc3cad73b37cefbff700"},
]

[package.dependencies]
typing-extensions = {version = ">=4.6", markers = "python_version < \"3.13\""}
tzdata = {version = "*", markers = "sys_platform == \"win32\""}

[package.extras]
binary = ["psycopg-binary (==3.2.9) ; implementation_name != \"pypy\""]
c = ["psycopg-c (==3.2.9) ; implementation_name != \"pypy\""]
dev = ["ast-comments (>=1.1.2)", "black (>=24.1.0)", "codespell (>=2.2)", "dnspython (>=2.1)", "flake8 (>=4.0)", "isort-psycopg", "isort[colors] (>=6.0)", "mypy (>=1.14)", "pre-commit (>=4.0.1)", "types-setuptools (>=57.4)", "types-shapely (>=2.0)", "wheel (>=0.37)"]
docs = ["Sphinx (>=5.0)", "furo (==2022.6.21)", "sphinx-autobuild (>=2021.3.14)", "sphinx-autodoc-typehints (>=1.12)"]
pool = ["psycopg-pool"]
test = ["anyio (>=4.0)", "mypy (>=1.14)", "pproxy (>=2.7)", "pytest (>=6.2.5)", "pytest-cov (>=3.0)", "pytest-randomly (>=3.5)"]

[[package]]
name = "psycopg2"
version = "2.9.10"
description = "psycopg2 - Python-PostgreSQL Database Adapter"
optional = false
python-versions = ">=3.8"
groups = ["main"]
files = [
    {file = "psycopg2-2.9.10-cp310-cp310-win32.whl", hash = "sha256:5df2b672140f95adb453af93a7d669d7a7bf0a56bcd26f1502329166f4a61716"},
    {file = "psycopg2-2.9.10-cp310-cp310-win_amd64.whl", hash = "sha256:c6f7b8561225f9e711a9c47087388a97fdc948211c10a4bccbf0ba68ab7b3b5a"},
    {file = "psycopg2-2.9.10-cp311-cp311-win32.whl", hash = "sha256:47c4f9875125344f4c2b870e41b6aad585901318068acd01de93f3677a6522c2"},
    {file = "psycopg2-2.9.10-cp311-cp311-win_amd64.whl", hash = "sha256:0435034157049f6846e95103bd8f5a668788dd913a7c30162ca9503fdf542cb4"},
    {file = "psycopg2-2.9.10-cp312-cp312-win32.whl", hash = "sha256:65a63d7ab0e067e2cdb3cf266de39663203d38d6a8ed97f5ca0cb315c73fe067"},
    {file = "psycopg2-2.9.10-cp312-cp312-win_amd64.whl", hash = "sha256:4a579d6243da40a7b3182e0430493dbd55950c493d8c68f4eec0b302f6bbf20e"},
    {file = "psycopg2-2.9.10-cp313-cp313-win_amd64.whl", hash = "sha256:91fd603a2155da8d0cfcdbf8ab24a2d54bca72795b90d2a3ed2b6da8d979dee2"},
    {file = "psycopg2-2.9.10-cp39-cp39-win32.whl", hash = "sha256:9d5b3b94b79a844a986d029eee38998232451119ad653aea42bb9220a8c5066b"},
    {file = "psycopg2-2.9.10-cp39-cp39-win_amd64.whl", hash = "sha256:88138c8dedcbfa96408023ea2b0c369eda40fe5d75002c0964c78f46f11fa442"},
    {file = "psycopg2-2.9.10.tar.gz", hash = "sha256:12ec0b40b0273f95296233e8750441339298e6a572f7039da5b260e3c8b60e11"},
]

[[package]]
name = "setuptools"
version = "80.9.0"
description = "Easily download, build, install, upgrade, and uninstall Python packages"
optional = false
python-versions = ">=3.9"
groups = ["main"]
files = [
    {file = "setuptools-80.9.0-py3-none-any.whl", hash = "sha256:062d34222ad13e0cc312a4c02d73f059e86a4acbfbdea8f8f76b28c99f306922"},
    {file = "setuptools-80.9.0.tar.gz", hash = "sha256:f36b47402ecde768dbfafc46e8e4207b4360c654f1f3bb84475f0a28628fb19c"},
]

[package.extras]
check = ["pytest-checkdocs (>=2.4)", "pytest-ruff (>=0.2.1) ; sys_platform != \"cygwin\"", "ruff (>=0.8.0) ; sys_platform != \"cygwin\""]
core = ["importlib_metadata (>=6) ; python_version < \"3.10\"", "jaraco.functools (>=4)", "jaraco.text (>=3.7)", "more_itertools", "more_itertools (>=8.8)", "packaging (>=24.2)", "platformdirs (>=4.2.2)", "tomli (>=2.0.1) ; python_version < \"3.11\"", "wheel (>=0.43.0)"]
cover = ["pytest-cov"]
doc = ["furo", "jaraco.packaging (>=9.3)", "jaraco.tidelift (>=1.4)", "pygments-github-lexers (==0.0.5)", "pyproject-hooks (!=1.1)", "rst.linker (>=1.9)", "sphinx (>=3.5)", "sphinx-favicon", "sphinx-inline-tabs", "sphinx-lint", "sphinx-notfound-page (>=1,<2)", "sphinx-reredirects", "sphinxcontrib-towncrier", "towncrier (<24.7)"]
enabler = ["pytest-enabler (>=2.2)"]
test = ["build[virtualenv] (>=1.0.3)", "filelock (>=3.4.0)", "ini2toml[lite] (>=0.14)", "jaraco.develop (>=7.21) ; python_version >= \"3.9\" and sys_platform != \"cygwin\"", "jaraco.envs (>=2.2)", "jaraco.path (>=3.7.2)", "jaraco.test (>=5.5)", "packaging (>=24.2)", "pip (>=19.1)", "pyproject-hooks (!=1.1)", "pytest (>=6,!=8.1.*)", "pytest-home (>=0.5)", "pytest-perf ; sys_platform != \"cygwin\"", "pytest-subprocess", "pytest-timeout", "pytest-xdist (>=3)", "tomli-w (>=1.0.0)", "virtualenv (>=13.0.0)", "wheel (>=0.44.0)"]
type = ["importlib_metadata (>=7.0.2) ; python_version < \"3.10\"", "jaraco.develop (>=7.21) ; sys_platform != \"cygwin\"", "mypy (==1.14.*)", "pytest-mypy"]

[[package]]
name = "sqlparse"
version = "0.5.3"
description = "A non-validating SQL parser."
optional = false
python-versions = ">=3.8"
groups = ["main", "dev"]
files = [
    {file = "sqlparse-0.5.3-py3-none-any.whl", hash = "sha256:cf2196ed3418f3ba5de6af7e82c694a9fbdbfecccdfc72e281548517081f16ca"},
    {file = "sqlparse-0.5.3.tar.gz", hash = "sha256:09f67787f56a0b16ecdbde1bfc7f5d9c3371ca683cfeaa8e6ff60b4807ec9272"},
]

[package.extras]
dev = ["build", "hatch"]
doc = ["sphinx"]

[[package]]
name = "typing-extensions"
version = "4.14.1"
description = "Backported and Experimental Type Hints for Python 3.9+"
optional = false
python-versions = ">=3.9"
groups = ["main"]
markers = "python_version == \"3.12\""
files = [
    {file = "typing_extensions-4.14.1-py3-none-any.whl", hash = "sha256:d1e1e3b58374dc93031d6eda2420a48ea44a36c2b4766a4fdeb3710755731d76"},
    {file = "typing_extensions-4.14.1.tar.gz", hash = "sha256:38b39f4aeeab64884ce9f74c94263ef78f3c22467c8724005483154c26648d36"},
]

[[package]]
name = "tzdata"
version = "2025.2"
description = "Provider of IANA time zone data"
optional = false
python-versions = ">=2"
groups = ["main", "dev"]
markers = "sys_platform == \"win32\""
files = [
    {file = "tzdata-2025.2-py2.py3-none-any.whl", hash = "sha256:1a403fada01ff9221ca8044d701868fa132215d84beb92242d9acd2147f667a8"},
    {file = "tzdata-2025.2.tar.gz", hash = "sha256:b60a638fcc0daffadf82fe0f57e53d06bdec2f36c4df66280ae79bce6bd6f2b9"},
]

[metadata]
lock-version = "2.1"
python-versions = ">=3.12"
content-hash = "e8ed0483f0e287f17619df7760f428042ad3b17068bcc6655718319e33f7cfcd"
